
Microsoft Visual Studio Solution File, Format Version 12.00
# Visual Studio 15
Project("{FAE04EC0-301F-11D3-BF4B-00C04F79EFBC}") = "eventHubLight", "eventHubLight.csproj", "{C5D30EA4-992C-2C9C-3B27-1E7826AD7BAC}"
EndProject
Project("{FAE04EC0-301F-11D3-BF4B-00C04F79EFBC}") = "eventHubLight.Editor", "eventHubLight.Editor.csproj", "{D81C3960-33D1-EE02-15E2-D74FBD801A99}"
EndProject
Global
	GlobalSection(SolutionConfigurationPlatforms) = preSolution
		Debug|Any CPU = Debug|Any CPU
		Release|Any CPU = Release|Any CPU
	EndGlobalSection
	GlobalSection(ProjectConfigurationPlatforms) = postSolution
		{C5D30EA4-992C-2C9C-3B27-1E7826AD7BAC}.Debug|Any CPU.ActiveCfg = Debug|Any CPU
		{C5D30EA4-992C-2C9C-3B27-1E7826AD7BAC}.Debug|Any CPU.Build.0 = Debug|Any CPU
		{C5D30EA4-992C-2C9C-3B27-1E7826AD7BAC}.Release|Any CPU.ActiveCfg = Release|Any CPU
		{C5D30EA4-992C-2C9C-3B27-1E7826AD7BAC}.Release|Any CPU.Build.0 = Release|Any CPU
		{D81C3960-33D1-EE02-15E2-D74FBD801A99}.Debug|Any CPU.ActiveCfg = Debug|Any CPU
		{D81C3960-33D1-EE02-15E2-D74FBD801A99}.Debug|Any CPU.Build.0 = Debug|Any CPU
		{D81C3960-33D1-EE02-15E2-D74FBD801A99}.Release|Any CPU.ActiveCfg = Release|Any CPU
		{D81C3960-33D1-EE02-15E2-D74FBD801A99}.Release|Any CPU.Build.0 = Release|Any CPU
	EndGlobalSection
	GlobalSection(SolutionProperties) = preSolution
		HideSolutionNode = FALSE
	EndGlobalSection
EndGlobal
